
Microsoft Visual Studio Solution File, Format Version 12.00
# Visual Studio 2013
VisualStudioVersion = 12.0.21005.1
MinimumVisualStudioVersion = 10.0.40219.1
Project("{FAE04EC0-301F-11D3-BF4B-00C04F79EFBC}") = "ListWithStudent", "ListWithStudent\ListWithStudent.csproj", "{16105170-2823-4187-9C8D-D2BE9774C2F5}"
EndProject
Global
	GlobalSection(SolutionConfigurationPlatforms) = preSolution
		Debug|Any CPU = Debug|Any CPU
		Release|Any CPU = Release|Any CPU
	EndGlobalSection
	GlobalSection(ProjectConfigurationPlatforms) = postSolution
		{16105170-2823-4187-9C8D-D2BE9774C2F5}.Debug|Any CPU.ActiveCfg = Debug|Any CPU
		{16105170-2823-4187-9C8D-D2BE9774C2F5}.Debug|Any CPU.Build.0 = Debug|Any CPU
		{16105170-2823-4187-9C8D-D2BE9774C2F5}.Release|Any CPU.ActiveCfg = Release|Any CPU
		{16105170-2823-4187-9C8D-D2BE9774C2F5}.Release|Any CPU.Build.0 = Release|Any CPU
	EndGlobalSection
	GlobalSection(SolutionProperties) = preSolution
		HideSolutionNode = FALSE
	EndGlobalSection
EndGlobal
